
Microsoft Visual Studio Solution File, Format Version 12.00
# Visual Studio Version 16
VisualStudioVersion = 16.0.31105.61
MinimumVisualStudioVersion = 10.0.40219.1
Project("{FAE04EC0-301F-11D3-BF4B-00C04F79EFBC}") = "SummerSchoolSystem", "SummerSchoolSystem\SummerSchoolSystem.csproj", "{E04475D8-4581-4721-9B96-7EDF9B0DF614}"
EndProject
Project("{FAE04EC0-301F-11D3-BF4B-00C04F79EFBC}") = "BussinessLogic", "BussinessLogic\BussinessLogic.csproj", "{C3861346-34A0-45A3-A861-944482B969C8}"
EndProject
Project("{FAE04EC0-301F-11D3-BF4B-00C04F79EFBC}") = "DataAccess", "DataAccess\DataAccess.csproj", "{B6BD454B-4DAC-4C47-B9CB-72EEEB8ED3F3}"
EndProject
Project("{FAE04EC0-301F-11D3-BF4B-00C04F79EFBC}") = "Entity", "Entity\Entity.csproj", "{6C33101C-E096-4924-BDF6-6F44EB8EAFA2}"
EndProject
Global
	GlobalSection(SolutionConfigurationPlatforms) = preSolution
		Debug|Any CPU = Debug|Any CPU
		Release|Any CPU = Release|Any CPU
	EndGlobalSection
	GlobalSection(ProjectConfigurationPlatforms) = postSolution
		{E04475D8-4581-4721-9B96-7EDF9B0DF614}.Debug|Any CPU.ActiveCfg = Debug|Any CPU
		{E04475D8-4581-4721-9B96-7EDF9B0DF614}.Debug|Any CPU.Build.0 = Debug|Any CPU
		{E04475D8-4581-4721-9B96-7EDF9B0DF614}.Release|Any CPU.ActiveCfg = Release|Any CPU
		{E04475D8-4581-4721-9B96-7EDF9B0DF614}.Release|Any CPU.Build.0 = Release|Any CPU
		{C3861346-34A0-45A3-A861-944482B969C8}.Debug|Any CPU.ActiveCfg = Debug|Any CPU
		{C3861346-34A0-45A3-A861-944482B969C8}.Debug|Any CPU.Build.0 = Debug|Any CPU
		{C3861346-34A0-45A3-A861-944482B969C8}.Release|Any CPU.ActiveCfg = Release|Any CPU
		{C3861346-34A0-45A3-A861-944482B969C8}.Release|Any CPU.Build.0 = Release|Any CPU
		{B6BD454B-4DAC-4C47-B9CB-72EEEB8ED3F3}.Debug|Any CPU.ActiveCfg = Debug|Any CPU
		{B6BD454B-4DAC-4C47-B9CB-72EEEB8ED3F3}.Debug|Any CPU.Build.0 = Debug|Any CPU
		{B6BD454B-4DAC-4C47-B9CB-72EEEB8ED3F3}.Release|Any CPU.ActiveCfg = Release|Any CPU
		{B6BD454B-4DAC-4C47-B9CB-72EEEB8ED3F3}.Release|Any CPU.Build.0 = Release|Any CPU
		{6C33101C-E096-4924-BDF6-6F44EB8EAFA2}.Debug|Any CPU.ActiveCfg = Debug|Any CPU
		{6C33101C-E096-4924-BDF6-6F44EB8EAFA2}.Debug|Any CPU.Build.0 = Debug|Any CPU
		{6C33101C-E096-4924-BDF6-6F44EB8EAFA2}.Release|Any CPU.ActiveCfg = Release|Any CPU
		{6C33101C-E096-4924-BDF6-6F44EB8EAFA2}.Release|Any CPU.Build.0 = Release|Any CPU
	EndGlobalSection
	GlobalSection(SolutionProperties) = preSolution
		HideSolutionNode = FALSE
	EndGlobalSection
	GlobalSection(ExtensibilityGlobals) = postSolution
		SolutionGuid = {41CCF944-2159-4A62-8DFD-F80CDD2D5B77}
	EndGlobalSection
EndGlobal
